
Microsoft Visual Studio Solution File, Format Version 12.00
# Visual Studio Version 17
VisualStudioVersion = 17.6.33723.286
MinimumVisualStudioVersion = 10.0.40219.1
Project("{9A19103F-16F7-4668-BE54-9A1E7A4F7556}") = "SpeechToText", "SpeechToText\SpeechToText.csproj", "{0CF9C0BE-31A0-4A33-BAE2-CC362708E8AF}"
EndProject
Project("{FAE04EC0-301F-11D3-BF4B-00C04F79EFBC}") = "Document.Intelligence", "Document.Intelligence\Document.Intelligence.csproj", "{5CE498D7-7C7E-4A6A-9425-06E6D19B6E46}"
EndProject
Global
	GlobalSection(SolutionConfigurationPlatforms) = preSolution
		Debug|Any CPU = Debug|Any CPU
		Release|Any CPU = Release|Any CPU
	EndGlobalSection
	GlobalSection(ProjectConfigurationPlatforms) = postSolution
		{0CF9C0BE-31A0-4A33-BAE2-CC362708E8AF}.Debug|Any CPU.ActiveCfg = Debug|Any CPU
		{0CF9C0BE-31A0-4A33-BAE2-CC362708E8AF}.Debug|Any CPU.Build.0 = Debug|Any CPU
		{0CF9C0BE-31A0-4A33-BAE2-CC362708E8AF}.Release|Any CPU.ActiveCfg = Release|Any CPU
		{0CF9C0BE-31A0-4A33-BAE2-CC362708E8AF}.Release|Any CPU.Build.0 = Release|Any CPU
		{5CE498D7-7C7E-4A6A-9425-06E6D19B6E46}.Debug|Any CPU.ActiveCfg = Debug|Any CPU
		{5CE498D7-7C7E-4A6A-9425-06E6D19B6E46}.Debug|Any CPU.Build.0 = Debug|Any CPU
		{5CE498D7-7C7E-4A6A-9425-06E6D19B6E46}.Release|Any CPU.ActiveCfg = Release|Any CPU
		{5CE498D7-7C7E-4A6A-9425-06E6D19B6E46}.Release|Any CPU.Build.0 = Release|Any CPU
	EndGlobalSection
	GlobalSection(SolutionProperties) = preSolution
		HideSolutionNode = FALSE
	EndGlobalSection
	GlobalSection(ExtensibilityGlobals) = postSolution
		SolutionGuid = {0B34BD2C-B3EC-4335-A1F1-62062C96BDB0}
	EndGlobalSection
EndGlobal
